{
  "name": "server-side-ai",
  "version": "1.0.0",
  "lockfileVersion": 3,
  "requires": true,
  "packages": {
    "": {
      "name": "server-side-ai",
      "version": "1.0.0",
      "dependencies": {
        "stockfish": "^10.0.2",
        "ws": "^8.18.0"
      }
    },
    "node_modules/stockfish": {
      "version": "10.0.2",
      "resolved": "https://registry.npmjs.org/stockfish/-/stockfish-10.0.2.tgz",
      "integrity": "sha512-MuDhChwRwFe4nkn5OKuDj2byf4lTVlpJK47D99kNi7Qr1QlM8PIi940AVdF4SMmFQnPtyYeT2xzlX69d5v8WQg==",
      "license": "GPL",
      "bin": {
        "stockfishjs": "stockfishjs"
      }
    },
    "node_modules/ws": {
      "version": "8.18.0",
      "resolved": "https://registry.npmjs.org/ws/-/ws-8.18.0.tgz",
      "integrity": "sha512-8VbfWfHLbbwu3+N6OKsOMpBdT4kXPDDB9cJk2bJ6mh9ucxdlnNvH1e+roYkKmN9Nxw2yjz7VzeO9oOz2zJ04Pw==",
      "license": "MIT",
      "engines": {
        "node": ">=10.0.0"
      },
      "peerDependencies": {
        "bufferutil": "^4.0.1",
        "utf-8-validate": ">=5.0.2"
      },
      "peerDependenciesMeta": {
        "bufferutil": {
          "optional": true
        },
        "utf-8-validate": {
          "optional": true
        }
      }
    }
  }
}
